
Microsoft Visual Studio Solution File, Format Version 12.00
# Visual Studio Version 16
VisualStudioVersion = 16.0.31205.134
MinimumVisualStudioVersion = 10.0.40219.1
Project("{9A19103F-16F7-4668-BE54-9A1E7A4F7556}") = "RestApiDemoSQL", "RestApiDemoSQL.csproj", "{9B34119B-BF04-4D8E-BB99-9C015AE5ED75}"
EndProject
Project("{FAE04EC0-301F-11D3-BF4B-00C04F79EFBC}") = "RestApiDemoSQL.UnitTests", "..\RestApiDemoSQL.UnitTests\RestApiDemoSQL.UnitTests.csproj", "{2A9F46CC-73AF-4C18-BDAB-38698547FEA0}"
EndProject
Global
	GlobalSection(SolutionConfigurationPlatforms) = preSolution
		Debug|Any CPU = Debug|Any CPU
		Release|Any CPU = Release|Any CPU
	EndGlobalSection
	GlobalSection(ProjectConfigurationPlatforms) = postSolution
		{9B34119B-BF04-4D8E-BB99-9C015AE5ED75}.Debug|Any CPU.ActiveCfg = Debug|Any CPU
		{9B34119B-BF04-4D8E-BB99-9C015AE5ED75}.Debug|Any CPU.Build.0 = Debug|Any CPU
		{9B34119B-BF04-4D8E-BB99-9C015AE5ED75}.Release|Any CPU.ActiveCfg = Release|Any CPU
		{9B34119B-BF04-4D8E-BB99-9C015AE5ED75}.Release|Any CPU.Build.0 = Release|Any CPU
		{2A9F46CC-73AF-4C18-BDAB-38698547FEA0}.Debug|Any CPU.ActiveCfg = Debug|Any CPU
		{2A9F46CC-73AF-4C18-BDAB-38698547FEA0}.Debug|Any CPU.Build.0 = Debug|Any CPU
		{2A9F46CC-73AF-4C18-BDAB-38698547FEA0}.Release|Any CPU.ActiveCfg = Release|Any CPU
		{2A9F46CC-73AF-4C18-BDAB-38698547FEA0}.Release|Any CPU.Build.0 = Release|Any CPU
	EndGlobalSection
	GlobalSection(SolutionProperties) = preSolution
		HideSolutionNode = FALSE
	EndGlobalSection
	GlobalSection(ExtensibilityGlobals) = postSolution
		SolutionGuid = {ED6C776E-DA5A-4B84-A81F-8C20CCE449F6}
	EndGlobalSection
EndGlobal
